
Microsoft Visual Studio Solution File, Format Version 12.00
# Visual Studio 14
VisualStudioVersion = 14.0.23107.0
MinimumVisualStudioVersion = 10.0.40219.1
Project("{D2ABAB84-BF74-430A-B69E-9DC6D40DDA17}") = "BuildingMultidimensionalCube", "BuildingMultidimensionalCube\BuildingMultidimensionalCube.dwproj", "{F1645C0F-2A06-4AF7-A598-1BD0105C3EFC}"
EndProject
Global
	GlobalSection(SolutionConfigurationPlatforms) = preSolution
		Development|Default = Development|Default
	EndGlobalSection
	GlobalSection(ProjectConfigurationPlatforms) = postSolution
		{F1645C0F-2A06-4AF7-A598-1BD0105C3EFC}.Development|Default.ActiveCfg = Development
		{F1645C0F-2A06-4AF7-A598-1BD0105C3EFC}.Development|Default.Build.0 = Development
		{F1645C0F-2A06-4AF7-A598-1BD0105C3EFC}.Development|Default.Deploy.0 = Development
	EndGlobalSection
	GlobalSection(SolutionProperties) = preSolution
		HideSolutionNode = FALSE
	EndGlobalSection
EndGlobal
