
Microsoft Visual Studio Solution File, Format Version 12.00
# Visual Studio 14
VisualStudioVersion = 14.0.23107.0
MinimumVisualStudioVersion = 10.0.40219.1
Project("{D2ABAB84-BF74-430A-B69E-9DC6D40DDA17}") = "Overview", "Overview\Overview.dwproj", "{3DEABA84-AA4A-4589-80B1-1526FBD62256}"
EndProject
Global
	GlobalSection(SolutionConfigurationPlatforms) = preSolution
		Development|Default = Development|Default
	EndGlobalSection
	GlobalSection(ProjectConfigurationPlatforms) = postSolution
		{3DEABA84-AA4A-4589-80B1-1526FBD62256}.Development|Default.ActiveCfg = Development
		{3DEABA84-AA4A-4589-80B1-1526FBD62256}.Development|Default.Build.0 = Development
		{3DEABA84-AA4A-4589-80B1-1526FBD62256}.Development|Default.Deploy.0 = Development
	EndGlobalSection
	GlobalSection(SolutionProperties) = preSolution
		HideSolutionNode = FALSE
	EndGlobalSection
EndGlobal
